
Microsoft Visual Studio Solution File, Format Version 12.00
# Visual Studio 15
VisualStudioVersion = 15.0.27130.2003
MinimumVisualStudioVersion = 10.0.40219.1
Project("{FAE04EC0-301F-11D3-BF4B-00C04F79EFBC}") = "VivadoErrorLogUtil", "VivadoErrorLogUtil.csproj", "{911450E0-9293-4542-B2C6-FA211CB2E091}"
EndProject
Global
	GlobalSection(SolutionConfigurationPlatforms) = preSolution
		Debug|Any CPU = Debug|Any CPU
		Release|Any CPU = Release|Any CPU
	EndGlobalSection
	GlobalSection(ProjectConfigurationPlatforms) = postSolution
		{911450E0-9293-4542-B2C6-FA211CB2E091}.Debug|Any CPU.ActiveCfg = Debug|Any CPU
		{911450E0-9293-4542-B2C6-FA211CB2E091}.Debug|Any CPU.Build.0 = Debug|Any CPU
		{911450E0-9293-4542-B2C6-FA211CB2E091}.Release|Any CPU.ActiveCfg = Release|Any CPU
		{911450E0-9293-4542-B2C6-FA211CB2E091}.Release|Any CPU.Build.0 = Release|Any CPU
	EndGlobalSection
	GlobalSection(SolutionProperties) = preSolution
		HideSolutionNode = FALSE
	EndGlobalSection
	GlobalSection(ExtensibilityGlobals) = postSolution
		SolutionGuid = {DCB4DF71-8EEE-4B9A-972D-7FAAF0DCC74F}
	EndGlobalSection
EndGlobal
